
Microsoft Visual Studio Solution File, Format Version 12.00
# Visual Studio Version 16
VisualStudioVersion = 16.0.29215.179
MinimumVisualStudioVersion = 10.0.40219.1
Project("{FAE04EC0-301F-11D3-BF4B-00C04F79EFBC}") = "DBClassMapper", "DBClassMapper.csproj", "{E0C3BDB2-CF6A-4C9E-ABA8-B6D9D41DBEDF}"
EndProject
Project("{FAE04EC0-301F-11D3-BF4B-00C04F79EFBC}") = "DBClassMapper_Reflection", "..\DBClassMapper_Reflection\DBClassMapper_Reflection.csproj", "{763484BA-DE24-4C11-9865-79B9E33BB4D0}"
EndProject
Global
	GlobalSection(SolutionConfigurationPlatforms) = preSolution
		Debug|Any CPU = Debug|Any CPU
		Release|Any CPU = Release|Any CPU
	EndGlobalSection
	GlobalSection(ProjectConfigurationPlatforms) = postSolution
		{E0C3BDB2-CF6A-4C9E-ABA8-B6D9D41DBEDF}.Debug|Any CPU.ActiveCfg = Debug|Any CPU
		{E0C3BDB2-CF6A-4C9E-ABA8-B6D9D41DBEDF}.Debug|Any CPU.Build.0 = Debug|Any CPU
		{E0C3BDB2-CF6A-4C9E-ABA8-B6D9D41DBEDF}.Release|Any CPU.ActiveCfg = Release|Any CPU
		{E0C3BDB2-CF6A-4C9E-ABA8-B6D9D41DBEDF}.Release|Any CPU.Build.0 = Release|Any CPU
		{763484BA-DE24-4C11-9865-79B9E33BB4D0}.Debug|Any CPU.ActiveCfg = Debug|Any CPU
		{763484BA-DE24-4C11-9865-79B9E33BB4D0}.Debug|Any CPU.Build.0 = Debug|Any CPU
		{763484BA-DE24-4C11-9865-79B9E33BB4D0}.Release|Any CPU.ActiveCfg = Release|Any CPU
		{763484BA-DE24-4C11-9865-79B9E33BB4D0}.Release|Any CPU.Build.0 = Release|Any CPU
	EndGlobalSection
	GlobalSection(SolutionProperties) = preSolution
		HideSolutionNode = FALSE
	EndGlobalSection
	GlobalSection(ExtensibilityGlobals) = postSolution
		SolutionGuid = {9A9E1DCF-BAB1-4AC8-804C-F2039A91193B}
	EndGlobalSection
EndGlobal
