
Microsoft Visual Studio Solution File, Format Version 12.00
# Visual Studio Version 16
VisualStudioVersion = 16.0.29215.179
MinimumVisualStudioVersion = 10.0.40219.1
Project("{FAE04EC0-301F-11D3-BF4B-00C04F79EFBC}") = "Arkusz_Wydatki_WPF", "Arkusz_Wydatki_WPF\Arkusz_Wydatki_WPF.csproj", "{EAF5A797-44FD-43B6-9D05-1D4C633841FD}"
EndProject
Global
	GlobalSection(SolutionConfigurationPlatforms) = preSolution
		Debug|Any CPU = Debug|Any CPU
		Release|Any CPU = Release|Any CPU
	EndGlobalSection
	GlobalSection(ProjectConfigurationPlatforms) = postSolution
		{EAF5A797-44FD-43B6-9D05-1D4C633841FD}.Debug|Any CPU.ActiveCfg = Debug|Any CPU
		{EAF5A797-44FD-43B6-9D05-1D4C633841FD}.Debug|Any CPU.Build.0 = Debug|Any CPU
		{EAF5A797-44FD-43B6-9D05-1D4C633841FD}.Release|Any CPU.ActiveCfg = Release|Any CPU
		{EAF5A797-44FD-43B6-9D05-1D4C633841FD}.Release|Any CPU.Build.0 = Release|Any CPU
	EndGlobalSection
	GlobalSection(SolutionProperties) = preSolution
		HideSolutionNode = FALSE
	EndGlobalSection
	GlobalSection(ExtensibilityGlobals) = postSolution
		SolutionGuid = {6EDFDEFD-341D-45AF-96AF-63344FCD42E3}
	EndGlobalSection
EndGlobal
