
Microsoft Visual Studio Solution File, Format Version 12.00
# Visual Studio Version 16
VisualStudioVersion = 16.0.30621.155
MinimumVisualStudioVersion = 10.0.40219.1
Project("{FAE04EC0-301F-11D3-BF4B-00C04F79EFBC}") = "BabyCalendar", "BabyCalendar\BabyCalendar.csproj", "{4309951C-3198-4B9F-BF86-F629E15D0968}"
EndProject
Global
	GlobalSection(SolutionConfigurationPlatforms) = preSolution
		Debug|Any CPU = Debug|Any CPU
		Release|Any CPU = Release|Any CPU
	EndGlobalSection
	GlobalSection(ProjectConfigurationPlatforms) = postSolution
		{4309951C-3198-4B9F-BF86-F629E15D0968}.Debug|Any CPU.ActiveCfg = Debug|Any CPU
		{4309951C-3198-4B9F-BF86-F629E15D0968}.Debug|Any CPU.Build.0 = Debug|Any CPU
		{4309951C-3198-4B9F-BF86-F629E15D0968}.Release|Any CPU.ActiveCfg = Release|Any CPU
		{4309951C-3198-4B9F-BF86-F629E15D0968}.Release|Any CPU.Build.0 = Release|Any CPU
	EndGlobalSection
	GlobalSection(SolutionProperties) = preSolution
		HideSolutionNode = FALSE
	EndGlobalSection
	GlobalSection(ExtensibilityGlobals) = postSolution
		SolutionGuid = {249A807D-3862-4656-814A-34CE63F69D27}
	EndGlobalSection
EndGlobal
