
Microsoft Visual Studio Solution File, Format Version 12.00
# Visual Studio 15
VisualStudioVersion = 15.0.27428.2037
MinimumVisualStudioVersion = 10.0.40219.1
Project("{FAE04EC0-301F-11D3-BF4B-00C04F79EFBC}") = "Domowe Wydatki", "Domowe Wydatki\Domowe Wydatki.csproj", "{F5678DB0-85F2-4291-9452-3B22095E0B54}"
EndProject
Global
	GlobalSection(SolutionConfigurationPlatforms) = preSolution
		Debug|Any CPU = Debug|Any CPU
		Release|Any CPU = Release|Any CPU
	EndGlobalSection
	GlobalSection(ProjectConfigurationPlatforms) = postSolution
		{F5678DB0-85F2-4291-9452-3B22095E0B54}.Debug|Any CPU.ActiveCfg = Debug|Any CPU
		{F5678DB0-85F2-4291-9452-3B22095E0B54}.Debug|Any CPU.Build.0 = Debug|Any CPU
		{F5678DB0-85F2-4291-9452-3B22095E0B54}.Release|Any CPU.ActiveCfg = Release|Any CPU
		{F5678DB0-85F2-4291-9452-3B22095E0B54}.Release|Any CPU.Build.0 = Release|Any CPU
	EndGlobalSection
	GlobalSection(SolutionProperties) = preSolution
		HideSolutionNode = FALSE
	EndGlobalSection
	GlobalSection(ExtensibilityGlobals) = postSolution
		SolutionGuid = {E8D98957-C04A-4C9F-B9C8-EA737694D52F}
	EndGlobalSection
EndGlobal
